
Microsoft Visual Studio Solution File, Format Version 12.00
Project("{FAE04EC0-301F-11D3-BF4B-00C04F79EFBC}") = "BoomboxdotNetStandartPort", "BoomboxdotNetStandartPort.csproj", "{3C371A0D-1AEE-414F-94B8-59D0DEAD9735}"
EndProject
Global
	GlobalSection(SolutionConfigurationPlatforms) = preSolution
		Debug|Any CPU = Debug|Any CPU
		Release|Any CPU = Release|Any CPU
		BepInEx|Any CPU = BepInEx|Any CPU
		SteamWorkshop|Any CPU = SteamWorkshop|Any CPU
	EndGlobalSection
	GlobalSection(ProjectConfigurationPlatforms) = postSolution
		{3C371A0D-1AEE-414F-94B8-59D0DEAD9735}.Debug|Any CPU.ActiveCfg = Debug|Any CPU
		{3C371A0D-1AEE-414F-94B8-59D0DEAD9735}.Debug|Any CPU.Build.0 = Debug|Any CPU
		{3C371A0D-1AEE-414F-94B8-59D0DEAD9735}.Release|Any CPU.ActiveCfg = Release|Any CPU
		{3C371A0D-1AEE-414F-94B8-59D0DEAD9735}.Release|Any CPU.Build.0 = Release|Any CPU
		{3C371A0D-1AEE-414F-94B8-59D0DEAD9735}.BepInEx|Any CPU.ActiveCfg = BepInEx|Any CPU
		{3C371A0D-1AEE-414F-94B8-59D0DEAD9735}.BepInEx|Any CPU.Build.0 = BepInEx|Any CPU
		{3C371A0D-1AEE-414F-94B8-59D0DEAD9735}.SteamWorkshop|Any CPU.ActiveCfg = SteamWorkshop|Any CPU
		{3C371A0D-1AEE-414F-94B8-59D0DEAD9735}.SteamWorkshop|Any CPU.Build.0 = SteamWorkshop|Any CPU
	EndGlobalSection
EndGlobal
